# THIS IS AN AUTOGENERATED FILE. DO NOT EDIT THIS FILE DIRECTLY.
# yarn lockfile v1


"@babel/parser@^7.24.7":
  version "7.25.0"
  resolved "https://registry.npmjs.org/@babel/parser/-/parser-7.25.0.tgz"
  integrity sha512-CzdIU9jdP0dg7HdyB+bHvDJGagUv+qtzZt5rYCWwW6tITNqV9odjp6Qu41gkG0ca5UfdDUWrKkiAnHHdGRnOrA==

"@babel/runtime@^7.21.0":
  version "7.25.0"
  resolved "https://registry.npmjs.org/@babel/runtime/-/runtime-7.25.0.tgz"
  integrity sha512-7dRy4DwXwtzBrPbZflqxnvfxLF8kdZXPkhymtDeFoFqE6ldzjQFgYTtYIFARcLEYDrqfBfYcZt1WqFxRoyC9Rw==
  dependencies:
    regenerator-runtime "^0.14.0"

"@css-render/plugin-bem@^0.15.12":
  version "0.15.14"
  resolved "https://registry.npmjs.org/@css-render/plugin-bem/-/plugin-bem-0.15.14.tgz"
  integrity sha512-QK513CJ7yEQxm/P3EwsI+d+ha8kSOcjGvD6SevM41neEMxdULE+18iuQK6tEChAWMOQNQPLG/Rw3Khb69r5neg==

"@css-render/vue3-ssr@^0.15.10", "@css-render/vue3-ssr@^0.15.12":
  version "0.15.14"
  resolved "https://registry.npmjs.org/@css-render/vue3-ssr/-/vue3-ssr-0.15.14.tgz"
  integrity sha512-//8027GSbxE9n3QlD73xFY6z4ZbHbvrOVB7AO6hsmrEzGbg+h2A09HboUyDgu+xsmj7JnvJD39Irt+2D0+iV8g==

"@emotion/hash@~0.8.0":
  version "0.8.0"
  resolved "https://registry.npmjs.org/@emotion/hash/-/hash-0.8.0.tgz"
  integrity sha512-kBJtf7PH6aWwZ6fka3zQ0p6SBYzx4fl1LoZXE2RrnYST9Xljm7WfKJrU4g/Xr3Beg72MLrp1AWNUmuYJTL7Cow==

"@esbuild/win32-x64@0.21.5":
  version "0.21.5"
  resolved "https://registry.npmjs.org/@esbuild/win32-x64/-/win32-x64-0.21.5.tgz"
  integrity sha512-tQd/1efJuzPC6rCFwEvLtci/xNFcTZknmXs98FYDfGE4wP9ClFV98nyKrzJKVPMhdDnjzLhdUyMX4PsQAPjwIw==

"@jridgewell/sourcemap-codec@^1.5.0":
  version "1.5.0"
  resolved "https://registry.npmjs.org/@jridgewell/sourcemap-codec/-/sourcemap-codec-1.5.0.tgz"
  integrity sha512-gv3ZRaISU3fjPAgNsriBRqGWQL6quFx04YMPW/zD8XMLsU32mhCCbfbO6KZFLjvYpCZ8zyDEgqsgf+PwPaM7GQ==

"@juggle/resize-observer@^3.3.1":
  version "3.4.0"
  resolved "https://registry.npmjs.org/@juggle/resize-observer/-/resize-observer-3.4.0.tgz"
  integrity sha512-dfLbk+PwWvFzSxwk3n5ySL0hfBog779o8h68wK/7/APo/7cgyWp5jcXockbxdk5kFRkbeXWm4Fbi9FrdN381sA==

"@rollup/rollup-win32-x64-msvc@4.19.1":
  version "4.19.1"
  resolved "https://registry.npmjs.org/@rollup/rollup-win32-x64-msvc/-/rollup-win32-x64-msvc-4.19.1.tgz"
  integrity sha512-2bIrL28PcK3YCqD9anGxDxamxdiJAxA+l7fWIwM5o8UqNy1t3d1NdAweO2XhA0KTDJ5aH1FsuiT5+7VhtHliXg==

"@types/estree@1.0.5":
  version "1.0.5"
  resolved "https://registry.npmjs.org/@types/estree/-/estree-1.0.5.tgz"
  integrity sha512-/kYRxGDLWzHOB7q+wtSUQlFrtcdUccpfy+X+9iMBpHK8QLLhx2wIPYuS5DYtR9Wa/YlZAbIovy7qVdB1Aq6Lyw==

"@types/katex@^0.16.2":
  version "0.16.7"
  resolved "https://registry.npmjs.org/@types/katex/-/katex-0.16.7.tgz"
  integrity sha512-HMwFiRujE5PjrgwHQ25+bsLJgowjGjm5Z8FVSf0N6PwgJrwxH0QxzHYDcKsTfV3wva0vzrpqMTJS2jXPr5BMEQ==

"@types/lodash-es@^4.17.9":
  version "4.17.12"
  resolved "https://registry.npmjs.org/@types/lodash-es/-/lodash-es-4.17.12.tgz"
  integrity sha512-0NgftHUcV4v34VhXm8QBSftKVXtbkBG3ViCjs6+eJ5a6y6Mi/jiFGPc1sC7QK+9BFhWrURE3EOggmWaSxL9OzQ==
  dependencies:
    "@types/lodash" "*"

"@types/lodash@*", "@types/lodash@^4.14.198":
  version "4.17.7"
  resolved "https://registry.npmjs.org/@types/lodash/-/lodash-4.17.7.tgz"
  integrity sha512-8wTvZawATi/lsmNu10/j2hk1KEP0IvjubqPE3cu1Xz7xfXXt5oCq3SNUz4fMIP4XGF9Ky+Ue2tBA3hcS7LSBlA==

"@vitejs/plugin-vue@^5.0.5":
  version "5.1.1"
  resolved "https://registry.npmjs.org/@vitejs/plugin-vue/-/plugin-vue-5.1.1.tgz"
  integrity sha512-sDckXxlHpMsjRQbAH9WanangrfrblsOd3pNifePs+FOHjJg1jfWq5L/P0PsBRndEt3nmdUnmvieP8ULDeX5AvA==

"@vue/compiler-core@3.4.34":
  version "3.4.34"
  resolved "https://registry.npmjs.org/@vue/compiler-core/-/compiler-core-3.4.34.tgz"
  integrity sha512-Z0izUf32+wAnQewjHu+pQf1yw00EGOmevl1kE+ljjjMe7oEfpQ+BI3/JNK7yMB4IrUsqLDmPecUrpj3mCP+yJQ==
  dependencies:
    "@babel/parser" "^7.24.7"
    "@vue/shared" "3.4.34"
    entities "^4.5.0"
    estree-walker "^2.0.2"
    source-map-js "^1.2.0"

"@vue/compiler-dom@3.4.34":
  version "3.4.34"
  resolved "https://registry.npmjs.org/@vue/compiler-dom/-/compiler-dom-3.4.34.tgz"
  integrity sha512-3PUOTS1h5cskdOJMExCu2TInXuM0j60DRPpSCJDqOCupCfUZCJoyQmKtRmA8EgDNZ5kcEE7vketamRZfrEuVDw==
  dependencies:
    "@vue/compiler-core" "3.4.34"
    "@vue/shared" "3.4.34"

"@vue/compiler-sfc@3.4.34":
  version "3.4.34"
  resolved "https://registry.npmjs.org/@vue/compiler-sfc/-/compiler-sfc-3.4.34.tgz"
  integrity sha512-x6lm0UrM03jjDXTPZgD9Ad8bIVD1ifWNit2EaWQIZB5CULr46+FbLQ5RpK7AXtDHGjx9rmvC7QRCTjsiGkAwRw==
  dependencies:
    "@babel/parser" "^7.24.7"
    "@vue/compiler-core" "3.4.34"
    "@vue/compiler-dom" "3.4.34"
    "@vue/compiler-ssr" "3.4.34"
    "@vue/shared" "3.4.34"
    estree-walker "^2.0.2"
    magic-string "^0.30.10"
    postcss "^8.4.39"
    source-map-js "^1.2.0"

"@vue/compiler-ssr@3.4.34":
  version "3.4.34"
  resolved "https://registry.npmjs.org/@vue/compiler-ssr/-/compiler-ssr-3.4.34.tgz"
  integrity sha512-8TDBcLaTrFm5rnF+Qm4BlliaopJgqJ28Nsrc80qazynm5aJO+Emu7y0RWw34L8dNnTRdcVBpWzJxhGYzsoVu4g==
  dependencies:
    "@vue/compiler-dom" "3.4.34"
    "@vue/shared" "3.4.34"

"@vue/devtools-api@^6.5.1", "@vue/devtools-api@^6.6.3":
  version "6.6.3"
  resolved "https://registry.npmjs.org/@vue/devtools-api/-/devtools-api-6.6.3.tgz"
  integrity sha512-0MiMsFma/HqA6g3KLKn+AGpL1kgKhFWszC9U29NfpWK5LE7bjeXxySWJrOJ77hBz+TBrBQ7o4QJqbPbqbs8rJw==

"@vue/reactivity@3.4.34":
  version "3.4.34"
  resolved "https://registry.npmjs.org/@vue/reactivity/-/reactivity-3.4.34.tgz"
  integrity sha512-ua+Lo+wBRlBEX9TtgPOShE2JwIO7p6BTZ7t1KZVPoaBRfqbC7N3c8Mpzicx173fXxx5VXeU6ykiHo7WgLzJQDA==
  dependencies:
    "@vue/shared" "3.4.34"

"@vue/runtime-core@3.4.34":
  version "3.4.34"
  resolved "https://registry.npmjs.org/@vue/runtime-core/-/runtime-core-3.4.34.tgz"
  integrity sha512-PXhkiRPwcPGJ1BnyBZFI96GfInCVskd0HPNIAZn7i3YOmLbtbTZpB7/kDTwC1W7IqdGPkTVC63IS7J2nZs4Ebg==
  dependencies:
    "@vue/reactivity" "3.4.34"
    "@vue/shared" "3.4.34"

"@vue/runtime-dom@3.4.34":
  version "3.4.34"
  resolved "https://registry.npmjs.org/@vue/runtime-dom/-/runtime-dom-3.4.34.tgz"
  integrity sha512-dXqIe+RqFAK2Euak4UsvbIupalrhc67OuQKpD7HJ3W2fv8jlqvI7szfBCsAEcE8o/wyNpkloxB6J8viuF/E3gw==
  dependencies:
    "@vue/reactivity" "3.4.34"
    "@vue/runtime-core" "3.4.34"
    "@vue/shared" "3.4.34"
    csstype "^3.1.3"

"@vue/server-renderer@3.4.34":
  version "3.4.34"
  resolved "https://registry.npmjs.org/@vue/server-renderer/-/server-renderer-3.4.34.tgz"
  integrity sha512-GeyEUfMVRZMD/mZcNONEqg7MiU10QQ1DB3O/Qr6+8uXpbwdlmVgQ5Qs1/ZUAFX1X2UUtqMoGrDRbxdWfOJFT7Q==
  dependencies:
    "@vue/compiler-ssr" "3.4.34"
    "@vue/shared" "3.4.34"

"@vue/shared@3.4.34":
  version "3.4.34"
  resolved "https://registry.npmjs.org/@vue/shared/-/shared-3.4.34.tgz"
  integrity sha512-x5LmiRLpRsd9KTjAB8MPKf0CDPMcuItjP0gbNqFCIgL1I8iYp4zglhj9w9FPCdIbHG2M91RVeIbArFfFTz9I3A==

async-validator@^4.2.5:
  version "4.2.5"
  resolved "https://registry.npmjs.org/async-validator/-/async-validator-4.2.5.tgz"
  integrity sha512-7HhHjtERjqlNbZtqNqy2rckN/SpOOlmDliet+lP7k+eKZEjPk3DgyeU9lIXLdeLz0uBbbVp+9Qdow9wJWgwwfg==

asynckit@^0.4.0:
  version "0.4.0"
  resolved "https://registry.npmjs.org/asynckit/-/asynckit-0.4.0.tgz"
  integrity sha512-Oei9OH4tRh0YqU3GxhX79dM/mwVgvbZJaSNaRk+bshkj0S5cfHcgYakreBjrHwatXKbz+IoIdYLxrKim2MjW0Q==

axios@^1.7.3:
  version "1.7.3"
  resolved "https://registry.npmjs.org/axios/-/axios-1.7.3.tgz"
  integrity sha512-Ar7ND9pU99eJ9GpoGQKhKf58GpUOgnzuaB7ueNQ5BMi0p+LZ5oaEnfF999fAArcTIBwXTCHAmGcHOZJaWPq9Nw==
  dependencies:
    follow-redirects "^1.15.6"
    form-data "^4.0.0"
    proxy-from-env "^1.1.0"

combined-stream@^1.0.8:
  version "1.0.8"
  resolved "https://registry.npmjs.org/combined-stream/-/combined-stream-1.0.8.tgz"
  integrity sha512-FQN4MRfuJeHf7cBbBMJFXhKSDq+2kAArBlmRBvcvFE5BB1HZKXtSFASDhdlz9zOYwxh8lDdnvmMOe/+5cdoEdg==
  dependencies:
    delayed-stream "~1.0.0"

css-render@^0.15.10, css-render@^0.15.12, css-render@~0.15.14:
  version "0.15.14"
  resolved "https://registry.npmjs.org/css-render/-/css-render-0.15.14.tgz"
  integrity sha512-9nF4PdUle+5ta4W5SyZdLCCmFd37uVimSjg1evcTqKJCyvCEEj12WKzOSBNak6r4im4J4iYXKH1OWpUV5LBYFg==
  dependencies:
    "@emotion/hash" "~0.8.0"
    csstype "~3.0.5"

csstype@^3.1.3:
  version "3.1.3"
  resolved "https://registry.npmjs.org/csstype/-/csstype-3.1.3.tgz"
  integrity sha512-M1uQkMl8rQK/szD0LNhtqxIPLpimGm8sOBwU7lLnCpSbTyY3yeU1Vc7l4KT5zT4s/yOxHH5O7tIuuLOCnLADRw==

csstype@~3.0.5:
  version "3.0.11"
  resolved "https://registry.npmjs.org/csstype/-/csstype-3.0.11.tgz"
  integrity sha512-sa6P2wJ+CAbgyy4KFssIb/JNMLxFvKF1pCYCSXS8ZMuqZnMsrxqI2E5sPyoTpxoPU/gVZMzr2zjOfg8GIZOMsw==

date-fns-tz@^2.0.0:
  version "2.0.1"
  resolved "https://registry.npmjs.org/date-fns-tz/-/date-fns-tz-2.0.1.tgz"
  integrity sha512-fJCG3Pwx8HUoLhkepdsP7Z5RsucUi+ZBOxyM5d0ZZ6c4SdYustq0VMmOu6Wf7bli+yS/Jwp91TOCqn9jMcVrUA==

date-fns@^2.30.0, date-fns@2.x:
  version "2.30.0"
  resolved "https://registry.npmjs.org/date-fns/-/date-fns-2.30.0.tgz"
  integrity sha512-fnULvOpxnC5/Vg3NCiWelDsLiUc9bRwAPs/+LfTLNvetFCtCTN+yQz15C/fs4AwX1R9K5GLtLfn8QW+dWisaAw==
  dependencies:
    "@babel/runtime" "^7.21.0"

delayed-stream@~1.0.0:
  version "1.0.0"
  resolved "https://registry.npmjs.org/delayed-stream/-/delayed-stream-1.0.0.tgz"
  integrity sha512-ZySD7Nf91aLB0RxL4KGrKHBXl7Eds1DAmEdcoVawXnLD7SDhpNgtuII2aAkg7a7QS41jxPSZ17p4VdGnMHk3MQ==

entities@^4.5.0:
  version "4.5.0"
  resolved "https://registry.npmjs.org/entities/-/entities-4.5.0.tgz"
  integrity sha512-V0hjH4dGPh9Ao5p0MoRY6BVqtwCjhz6vI5LT8AJ55H+4g9/4vbHx1I54fS0XuclLhDHArPQCiMjDxjaL8fPxhw==

esbuild@^0.21.3:
  version "0.21.5"
  resolved "https://registry.npmjs.org/esbuild/-/esbuild-0.21.5.tgz"
  integrity sha512-mg3OPMV4hXywwpoDxu3Qda5xCKQi+vCTZq8S9J/EpkhB2HzKXq4SNFZE3+NK93JYxc8VMSep+lOUSC/RVKaBqw==
  optionalDependencies:
    "@esbuild/aix-ppc64" "0.21.5"
    "@esbuild/android-arm" "0.21.5"
    "@esbuild/android-arm64" "0.21.5"
    "@esbuild/android-x64" "0.21.5"
    "@esbuild/darwin-arm64" "0.21.5"
    "@esbuild/darwin-x64" "0.21.5"
    "@esbuild/freebsd-arm64" "0.21.5"
    "@esbuild/freebsd-x64" "0.21.5"
    "@esbuild/linux-arm" "0.21.5"
    "@esbuild/linux-arm64" "0.21.5"
    "@esbuild/linux-ia32" "0.21.5"
    "@esbuild/linux-loong64" "0.21.5"
    "@esbuild/linux-mips64el" "0.21.5"
    "@esbuild/linux-ppc64" "0.21.5"
    "@esbuild/linux-riscv64" "0.21.5"
    "@esbuild/linux-s390x" "0.21.5"
    "@esbuild/linux-x64" "0.21.5"
    "@esbuild/netbsd-x64" "0.21.5"
    "@esbuild/openbsd-x64" "0.21.5"
    "@esbuild/sunos-x64" "0.21.5"
    "@esbuild/win32-arm64" "0.21.5"
    "@esbuild/win32-ia32" "0.21.5"
    "@esbuild/win32-x64" "0.21.5"

estree-walker@^2.0.2:
  version "2.0.2"
  resolved "https://registry.npmjs.org/estree-walker/-/estree-walker-2.0.2.tgz"
  integrity sha512-Rfkk/Mp/DL7JVje3u18FxFujQlTNR2q6QfMSMB7AvCBx91NGj/ba3kCfza0f6dVDbw7YlRf/nDrn7pQrCCyQ/w==

evtd@^0.2.2, evtd@^0.2.4:
  version "0.2.4"
  resolved "https://registry.npmjs.org/evtd/-/evtd-0.2.4.tgz"
  integrity sha512-qaeGN5bx63s/AXgQo8gj6fBkxge+OoLddLniox5qtLAEY5HSnuSlISXVPxnSae1dWblvTh4/HoMIB+mbMsvZzw==

follow-redirects@^1.15.6:
  version "1.15.6"
  resolved "https://registry.npmjs.org/follow-redirects/-/follow-redirects-1.15.6.tgz"
  integrity sha512-wWN62YITEaOpSK584EZXJafH1AGpO8RVgElfkuXbTOrPX4fIfOyEpW/CsiNd8JdYrAoOvafRTOEnvsO++qCqFA==

form-data@^4.0.0:
  version "4.0.0"
  resolved "https://registry.npmjs.org/form-data/-/form-data-4.0.0.tgz"
  integrity sha512-ETEklSGi5t0QMZuiXoA/Q6vcnxcLQP5vdugSpuAyi6SVGi2clPPp+xgEhuMaHC+zGgn31Kd235W35f7Hykkaww==
  dependencies:
    asynckit "^0.4.0"
    combined-stream "^1.0.8"
    mime-types "^2.1.12"

highlight.js@^11.8.0:
  version "11.10.0"
  resolved "https://registry.npmjs.org/highlight.js/-/highlight.js-11.10.0.tgz"
  integrity sha512-SYVnVFswQER+zu1laSya563s+F8VDGt7o35d4utbamowvUNLLMovFqwCLSocpZTz3MgaSRA1IbqRWZv97dtErQ==

lodash-es@^4.17.21:
  version "4.17.21"
  resolved "https://registry.npmjs.org/lodash-es/-/lodash-es-4.17.21.tgz"
  integrity sha512-mKnC+QJ9pWVzv+C4/U3rRsHapFfHvQFoFB92e52xeyGMcX6/OlIl78je1u8vePzYZSkkogMPJ2yjxxsb89cxyw==

lodash@^4.17.21:
  version "4.17.21"
  resolved "https://registry.npmjs.org/lodash/-/lodash-4.17.21.tgz"
  integrity sha512-v2kDEe57lecTulaDIuNTPy3Ry4gLGJ6Z1O3vE1krgXZNrsQ+LFTGHVxVjcXPs17LhbZVGedAJv8XZ1tvj5FvSg==

magic-string@^0.30.10:
  version "0.30.11"
  resolved "https://registry.npmjs.org/magic-string/-/magic-string-0.30.11.tgz"
  integrity sha512-+Wri9p0QHMy+545hKww7YAu5NyzF8iomPL/RQazugQ9+Ez4Ic3mERMd8ZTX5rfK944j+560ZJi8iAwgak1Ac7A==
  dependencies:
    "@jridgewell/sourcemap-codec" "^1.5.0"

mime-db@1.52.0:
  version "1.52.0"
  resolved "https://registry.npmjs.org/mime-db/-/mime-db-1.52.0.tgz"
  integrity sha512-sPU4uV7dYlvtWJxwwxHD0PuihVNiE7TyAbQ5SWxDCB9mUYvOgroQOwYQQOKPJ8CIbE+1ETVlOoK1UC2nU3gYvg==

mime-types@^2.1.12:
  version "2.1.35"
  resolved "https://registry.npmjs.org/mime-types/-/mime-types-2.1.35.tgz"
  integrity sha512-ZDY+bPm5zTTF+YpCrAU9nK0UgICYPT0QtT1NZWFv4s++TNkcgVaT0g6+4R2uI4MjQjzysHB1zxuWL50hzaeXiw==
  dependencies:
    mime-db "1.52.0"

naive-ui@^2.39.0:
  version "2.39.0"
  resolved "https://registry.npmjs.org/naive-ui/-/naive-ui-2.39.0.tgz"
  integrity sha512-5oUJzRG+rtLSH8eRU+fJvVYiQids2BxF9jp+fwGoAqHOptEINrBlgBu9uy+95RHE5FLJ7Q/z41o+qkoGnUrKxQ==
  dependencies:
    "@css-render/plugin-bem" "^0.15.12"
    "@css-render/vue3-ssr" "^0.15.12"
    "@types/katex" "^0.16.2"
    "@types/lodash" "^4.14.198"
    "@types/lodash-es" "^4.17.9"
    async-validator "^4.2.5"
    css-render "^0.15.12"
    csstype "^3.1.3"
    date-fns "^2.30.0"
    date-fns-tz "^2.0.0"
    evtd "^0.2.4"
    highlight.js "^11.8.0"
    lodash "^4.17.21"
    lodash-es "^4.17.21"
    seemly "^0.3.8"
    treemate "^0.3.11"
    vdirs "^0.1.8"
    vooks "^0.2.12"
    vueuc "^0.4.58"

nanoid@^3.3.7:
  version "3.3.7"
  resolved "https://registry.npmjs.org/nanoid/-/nanoid-3.3.7.tgz"
  integrity sha512-eSRppjcPIatRIMC1U6UngP8XFcz8MQWGQdt1MTBQ7NaAmvXDfvNxbvWV3x2y6CdEUciCSsDHDQZbhYaB8QEo2g==

picocolors@^1.0.1:
  version "1.0.1"
  resolved "https://registry.npmjs.org/picocolors/-/picocolors-1.0.1.tgz"
  integrity sha512-anP1Z8qwhkbmu7MFP5iTt+wQKXgwzf7zTyGlcdzabySa9vd0Xt392U0rVmz9poOaBj0uHJKyyo9/upk0HrEQew==

pinia@^2.1.7:
  version "2.2.0"
  resolved "https://registry.npmjs.org/pinia/-/pinia-2.2.0.tgz"
  integrity sha512-iPrIh26GMqfpUlMOGyxuDowGmYousTecbTHFwT0xZ1zJvh23oQ+Cj99ZoPQA1TnUPhU6AuRPv6/drkTCJ0VHQA==
  dependencies:
    "@vue/devtools-api" "^6.6.3"
    vue-demi "^0.14.8"

postcss@^8.4.39:
  version "8.4.40"
  resolved "https://registry.npmjs.org/postcss/-/postcss-8.4.40.tgz"
  integrity sha512-YF2kKIUzAofPMpfH6hOi2cGnv/HrUlfucspc7pDyvv7kGdqXrfj8SCl/t8owkEgKEuu8ZcRjSOxFxVLqwChZ2Q==
  dependencies:
    nanoid "^3.3.7"
    picocolors "^1.0.1"
    source-map-js "^1.2.0"

proxy-from-env@^1.1.0:
  version "1.1.0"
  resolved "https://registry.npmjs.org/proxy-from-env/-/proxy-from-env-1.1.0.tgz"
  integrity sha512-D+zkORCbA9f1tdWRK0RaCR3GPv50cMxcrz4X8k5LTSUD1Dkw47mKJEZQNunItRTkWwgtaUSo1RVFRIG9ZXiFYg==

regenerator-runtime@^0.14.0:
  version "0.14.1"
  resolved "https://registry.npmjs.org/regenerator-runtime/-/regenerator-runtime-0.14.1.tgz"
  integrity sha512-dYnhHh0nJoMfnkZs6GmmhFknAGRrLznOu5nc9ML+EJxGvrx6H7teuevqVqCuPcPK//3eDrrjQhehXVx9cnkGdw==

rollup@^4.13.0:
  version "4.19.1"
  resolved "https://registry.npmjs.org/rollup/-/rollup-4.19.1.tgz"
  integrity sha512-K5vziVlg7hTpYfFBI+91zHBEMo6jafYXpkMlqZjg7/zhIG9iHqazBf4xz9AVdjS9BruRn280ROqLI7G3OFRIlw==
  dependencies:
    "@types/estree" "1.0.5"
  optionalDependencies:
    "@rollup/rollup-android-arm-eabi" "4.19.1"
    "@rollup/rollup-android-arm64" "4.19.1"
    "@rollup/rollup-darwin-arm64" "4.19.1"
    "@rollup/rollup-darwin-x64" "4.19.1"
    "@rollup/rollup-linux-arm-gnueabihf" "4.19.1"
    "@rollup/rollup-linux-arm-musleabihf" "4.19.1"
    "@rollup/rollup-linux-arm64-gnu" "4.19.1"
    "@rollup/rollup-linux-arm64-musl" "4.19.1"
    "@rollup/rollup-linux-powerpc64le-gnu" "4.19.1"
    "@rollup/rollup-linux-riscv64-gnu" "4.19.1"
    "@rollup/rollup-linux-s390x-gnu" "4.19.1"
    "@rollup/rollup-linux-x64-gnu" "4.19.1"
    "@rollup/rollup-linux-x64-musl" "4.19.1"
    "@rollup/rollup-win32-arm64-msvc" "4.19.1"
    "@rollup/rollup-win32-ia32-msvc" "4.19.1"
    "@rollup/rollup-win32-x64-msvc" "4.19.1"
    fsevents "~2.3.2"

seemly@^0.3.6, seemly@^0.3.8:
  version "0.3.8"
  resolved "https://registry.npmjs.org/seemly/-/seemly-0.3.8.tgz"
  integrity sha512-MW8Qs6vbzo0pHmDpFSYPna+lwpZ6Zk1ancbajw/7E8TKtHdV+1DfZZD+kKJEhG/cAoB/i+LiT+5msZOqj0DwRA==

source-map-js@^1.2.0:
  version "1.2.0"
  resolved "https://registry.npmjs.org/source-map-js/-/source-map-js-1.2.0.tgz"
  integrity sha512-itJW8lvSA0TXEphiRoawsCksnlf8SyvmFzIhltqAHluXd88pkCd+cXJVHTDwdCr0IzwptSm035IHQktUu1QUMg==

treemate@^0.3.11:
  version "0.3.11"
  resolved "https://registry.npmjs.org/treemate/-/treemate-0.3.11.tgz"
  integrity sha512-M8RGFoKtZ8dF+iwJfAJTOH/SM4KluKOKRJpjCMhI8bG3qB74zrFoArKZ62ll0Fr3mqkMJiQOmWYkdYgDeITYQg==

vdirs@^0.1.4, vdirs@^0.1.8:
  version "0.1.8"
  resolved "https://registry.npmjs.org/vdirs/-/vdirs-0.1.8.tgz"
  integrity sha512-H9V1zGRLQZg9b+GdMk8MXDN2Lva0zx72MPahDKc30v+DtwKjfyOSXWRIX4t2mhDubM1H09gPhWeth/BJWPHGUw==
  dependencies:
    evtd "^0.2.2"

vite@^5.0.0, vite@^5.3.1:
  version "5.3.5"
  resolved "https://registry.npmjs.org/vite/-/vite-5.3.5.tgz"
  integrity sha512-MdjglKR6AQXQb9JGiS7Rc2wC6uMjcm7Go/NHNO63EwiJXfuk9PgqiP/n5IDJCziMkfw9n4Ubp7lttNwz+8ZVKA==
  dependencies:
    esbuild "^0.21.3"
    postcss "^8.4.39"
    rollup "^4.13.0"
  optionalDependencies:
    fsevents "~2.3.3"

vooks@^0.2.12, vooks@^0.2.4:
  version "0.2.12"
  resolved "https://registry.npmjs.org/vooks/-/vooks-0.2.12.tgz"
  integrity sha512-iox0I3RZzxtKlcgYaStQYKEzWWGAduMmq+jS7OrNdQo1FgGfPMubGL3uGHOU9n97NIvfFDBGnpSvkWyb/NSn/Q==
  dependencies:
    evtd "^0.2.2"

vue-demi@^0.14.8:
  version "0.14.10"
  resolved "https://registry.npmjs.org/vue-demi/-/vue-demi-0.14.10.tgz"
  integrity sha512-nMZBOwuzabUO0nLgIcc6rycZEebF6eeUfaiQx9+WSk8e29IbLvPU9feI6tqW4kTo3hvoYAJkMh8n8D0fuISphg==

vue-router@^4.3.3:
  version "4.4.0"
  resolved "https://registry.npmjs.org/vue-router/-/vue-router-4.4.0.tgz"
  integrity sha512-HB+t2p611aIZraV2aPSRNXf0Z/oLZFrlygJm+sZbdJaW6lcFqEDQwnzUBXn+DApw+/QzDU/I9TeWx9izEjTmsA==
  dependencies:
    "@vue/devtools-api" "^6.5.1"

"vue@^2.6.14 || ^3.3.0", vue@^3.0.0, "vue@^3.0.0-0 || ^2.6.0", vue@^3.0.11, vue@^3.2.0, vue@^3.2.25, vue@^3.4.29, vue@3.4.34:
  version "3.4.34"
  resolved "https://registry.npmjs.org/vue/-/vue-3.4.34.tgz"
  integrity sha512-VZze05HWlA3ItreQ/ka7Sx7PoD0/3St8FEiSlSTVgb6l4hL+RjtP2/8g5WQBzZgyf8WG2f+g1bXzC7zggLhAJA==
  dependencies:
    "@vue/compiler-dom" "3.4.34"
    "@vue/compiler-sfc" "3.4.34"
    "@vue/runtime-dom" "3.4.34"
    "@vue/server-renderer" "3.4.34"
    "@vue/shared" "3.4.34"

vueuc@^0.4.58:
  version "0.4.58"
  resolved "https://registry.npmjs.org/vueuc/-/vueuc-0.4.58.tgz"
  integrity sha512-Wnj/N8WbPRSxSt+9ji1jtDHPzda5h2OH/0sFBhvdxDRuyCZbjGg3/cKMaKqEoe+dErTexG2R+i6Q8S/Toq1MYg==
  dependencies:
    "@css-render/vue3-ssr" "^0.15.10"
    "@juggle/resize-observer" "^3.3.1"
    css-render "^0.15.10"
    evtd "^0.2.4"
    seemly "^0.3.6"
    vdirs "^0.1.4"
    vooks "^0.2.4"
